// !$*UTF8*$!
{
	archiveVersion = 1;
	classes = {
	};
	objectVersion = 56;
	objects = {

/* Begin PBXBuildFile section */
		578E477229E465F7008573F1 /* SettingsViewController.swift in Sources */ = {isa = PBXBuildFile; fileRef = 578E477129E465F7008573F1 /* SettingsViewController.swift */; };
		578E8A7929E1CC0900D32E59 /* RecipeAddViewController.swift in Sources */ = {isa = PBXBuildFile; fileRef = 578E8A7829E1CC0900D32E59 /* RecipeAddViewController.swift */; };
		578E8A7C29E1DC8B00D32E59 /* MADD_Assesment_01.xcdatamodeld in Sources */ = {isa = PBXBuildFile; fileRef = 578E8A7A29E1DC8B00D32E59 /* MADD_Assesment_01.xcdatamodeld */; };
		57B8E7A829E14AD9003EF137 /* RecipeDetailsViewController.swift in Sources */ = {isa = PBXBuildFile; fileRef = 57B8E7A729E14AD9003EF137 /* RecipeDetailsViewController.swift */; };
		57B8E7AA29E14D60003EF137 /* Recipe.swift in Sources */ = {isa = PBXBuildFile; fileRef = 57B8E7A929E14D60003EF137 /* Recipe.swift */; };
		57D98E5D29E1245E002281EB /* AppDelegate.swift in Sources */ = {isa = PBXBuildFile; fileRef = 57D98E5C29E1245E002281EB /* AppDelegate.swift */; };
		57D98E5F29E1245E002281EB /* SceneDelegate.swift in Sources */ = {isa = PBXBuildFile; fileRef = 57D98E5E29E1245E002281EB /* SceneDelegate.swift */; };
		57D98E6129E1245E002281EB /* RecipeListViewController.swift in Sources */ = {isa = PBXBuildFile; fileRef = 57D98E6029E1245E002281EB /* RecipeListViewController.swift */; };
		57D98E6429E1245E002281EB /* Main.storyboard in Resources */ = {isa = PBXBuildFile; fileRef = 57D98E6229E1245E002281EB /* Main.storyboard */; };
		57D98E6629E1245F002281EB /* Assets.xcassets in Resources */ = {isa = PBXBuildFile; fileRef = 57D98E6529E1245F002281EB /* Assets.xcassets */; };
		57D98E6929E1245F002281EB /* LaunchScreen.storyboard in Resources */ = {isa = PBXBuildFile; fileRef = 57D98E6729E1245F002281EB /* LaunchScreen.storyboard */; };
		57D98E7129E12820002281EB /* CustomTableViewCell.swift in Sources */ = {isa = PBXBuildFile; fileRef = 57D98E7029E12820002281EB /* CustomTableViewCell.swift */; };
/* End PBXBuildFile section */

/* Begin PBXFileReference section */
		578E477129E465F7008573F1 /* SettingsViewController.swift */ = {isa = PBXFileReference; lastKnownFileType = sourcecode.swift; path = SettingsViewController.swift; sourceTree = "<group>"; };
		578E8A7829E1CC0900D32E59 /* RecipeAddViewController.swift */ = {isa = PBXFileReference; lastKnownFileType = sourcecode.swift; path = RecipeAddViewController.swift; sourceTree = "<group>"; };
		578E8A7B29E1DC8B00D32E59 /* MADD_Assesment_01.xcdatamodel */ = {isa = PBXFileReference; lastKnownFileType = wrapper.xcdatamodel; path = MADD_Assesment_01.xcdatamodel; sourceTree = "<group>"; };
		57B8E7A729E14AD9003EF137 /* RecipeDetailsViewController.swift */ = {isa = PBXFileReference; lastKnownFileType = sourcecode.swift; path = RecipeDetailsViewController.swift; sourceTree = "<group>"; };
		57B8E7A929E14D60003EF137 /* Recipe.swift */ = {isa = PBXFileReference; lastKnownFileType = sourcecode.swift; path = Recipe.swift; sourceTree = "<group>"; };
		57D98E5929E1245E002281EB /* MADD_Assesment_01.app */ = {isa = PBXFileReference; explicitFileType = wrapper.application; includeInIndex = 0; path = MADD_Assesment_01.app; sourceTree = BUILT_PRODUCTS_DIR; };
		57D98E5C29E1245E002281EB /* AppDelegate.swift */ = {isa = PBXFileReference; lastKnownFileType = sourcecode.swift; path = AppDelegate.swift; sourceTree = "<group>"; };
		57D98E5E29E1245E002281EB /* SceneDelegate.swift */ = {isa = PBXFileReference; lastKnownFileType = sourcecode.swift; path = SceneDelegate.swift; sourceTree = "<group>"; };
		57D98E6029E1245E002281EB /* RecipeListViewController.swift */ = {isa = PBXFileReference; lastKnownFileType = sourcecode.swift; path = RecipeListViewController.swift; sourceTree = "<group>"; };
		57D98E6329E1245E002281EB /* Base */ = {isa = PBXFileReference; lastKnownFileType = file.storyboard; name = Base; path = Base.lproj/Main.storyboard; sourceTree = "<group>"; };
		57D98E6529E1245F002281EB /* Assets.xcassets */ = {isa = PBXFileReference; lastKnownFileType = folder.assetcatalog; path = Assets.xcassets; sourceTree = "<group>"; };
		57D98E6829E1245F002281EB /* Base */ = {isa = PBXFileReference; lastKnownFileType = file.storyboard; name = Base; path = Base.lproj/LaunchScreen.storyboard; sourceTree = "<group>"; };
		57D98E6A29E1245F002281EB /* Info.plist */ = {isa = PBXFileReference; lastKnownFileType = text.plist.xml; path = Info.plist; sourceTree = "<group>"; };
		57D98E7029E12820002281EB /* CustomTableViewCell.swift */ = {isa = PBXFileReference; lastKnownFileType = sourcecode.swift; path = CustomTableViewCell.swift; sourceTree = "<group>"; };
/* End PBXFileReference section */

/* Begin PBXFrameworksBuildPhase section */
		57D98E5629E1245E002281EB /* Frameworks */ = {
			isa = PBXFrameworksBuildPhase;
			buildActionMask = 2147483647;
			files = (
			);
			runOnlyForDeploymentPostprocessing = 0;
		};
/* End PBXFrameworksBuildPhase section */

/* Begin PBXGroup section */
		57D98E5029E1245E002281EB = {
			isa = PBXGroup;
			children = (
				57D98E5B29E1245E002281EB /* MADD_Assesment_01 */,
				57D98E5A29E1245E002281EB /* Products */,
			);
			sourceTree = "<group>";
		};
		57D98E5A29E1245E002281EB /* Products */ = {
			isa = PBXGroup;
			children = (
				57D98E5929E1245E002281EB /* MADD_Assesment_01.app */,
			);
			name = Products;
			sourceTree = "<group>";
		};
		57D98E5B29E1245E002281EB /* MADD_Assesment_01 */ = {
			isa = PBXGroup;
			children = (
				57D98E5C29E1245E002281EB /* AppDelegate.swift */,
				57D98E5E29E1245E002281EB /* SceneDelegate.swift */,
				57D98E6029E1245E002281EB /* RecipeListViewController.swift */,
				57D98E6229E1245E002281EB /* Main.storyboard */,
				57D98E6529E1245F002281EB /* Assets.xcassets */,
				57D98E6729E1245F002281EB /* LaunchScreen.storyboard */,
				57D98E6A29E1245F002281EB /* Info.plist */,
				57D98E7029E12820002281EB /* CustomTableViewCell.swift */,
				57B8E7A729E14AD9003EF137 /* RecipeDetailsViewController.swift */,
				57B8E7A929E14D60003EF137 /* Recipe.swift */,
				578E8A7829E1CC0900D32E59 /* RecipeAddViewController.swift */,
				578E8A7A29E1DC8B00D32E59 /* MADD_Assesment_01.xcdatamodeld */,
				578E477129E465F7008573F1 /* SettingsViewController.swift */,
			);
			path = MADD_Assesment_01;
			sourceTree = "<group>";
		};
/* End PBXGroup section */

/* Begin PBXNativeTarget section */
		57D98E5829E1245E002281EB /* MADD_Assesment_01 */ = {
			isa = PBXNativeTarget;
			buildConfigurationList = 57D98E6D29E1245F002281EB /* Build configuration list for PBXNativeTarget "MADD_Assesment_01" */;
			buildPhases = (
				57D98E5529E1245E002281EB /* Sources */,
				57D98E5629E1245E002281EB /* Frameworks */,
				57D98E5729E1245E002281EB /* Resources */,
			);
			buildRules = (
			);
			dependencies = (
			);
			name = MADD_Assesment_01;
			productName = MADD_Assesment_01;
			productReference = 57D98E5929E1245E002281EB /* MADD_Assesment_01.app */;
			productType = "com.apple.product-type.application";
		};
/* End PBXNativeTarget section */

/* Begin PBXProject section */
		57D98E5129E1245E002281EB /* Project object */ = {
			isa = PBXProject;
			attributes = {
				BuildIndependentTargetsInParallel = 1;
				LastSwiftUpdateCheck = 1410;
				LastUpgradeCheck = 1410;
				TargetAttributes = {
					57D98E5829E1245E002281EB = {
						CreatedOnToolsVersion = 14.1;
					};
				};
			};
			buildConfigurationList = 57D98E5429E1245E002281EB /* Build configuration list for PBXProject "MADD_Assesment_01" */;
			compatibilityVersion = "Xcode 14.0";
			developmentRegion = en;
			hasScannedForEncodings = 0;
			knownRegions = (
				en,
				Base,
			);
			mainGroup = 57D98E5029E1245E002281EB;
			productRefGroup = 57D98E5A29E1245E002281EB /* Products */;
			projectDirPath = "";
			projectRoot = "";
			targets = (
				57D98E5829E1245E002281EB /* MADD_Assesment_01 */,
			);
		};
/* End PBXProject section */

/* Begin PBXResourcesBuildPhase section */
		57D98E5729E1245E002281EB /* Resources */ = {
			isa = PBXResourcesBuildPhase;
			buildActionMask = 2147483647;
			files = (
				57D98E6929E1245F002281EB /* LaunchScreen.storyboard in Resources */,
				57D98E6629E1245F002281EB /* Assets.xcassets in Resources */,
				57D98E6429E1245E002281EB /* Main.storyboard in Resources */,
			);
			runOnlyForDeploymentPostprocessing = 0;
		};
/* End PBXResourcesBuildPhase section */

/* Begin PBXSourcesBuildPhase section */
		57D98E5529E1245E002281EB /* Sources */ = {
			isa = PBXSourcesBuildPhase;
			buildActionMask = 2147483647;
			files = (
				57D98E6129E1245E002281EB /* RecipeListViewController.swift in Sources */,
				57D98E5D29E1245E002281EB /* AppDelegate.swift in Sources */,
				57D98E7129E12820002281EB /* CustomTableViewCell.swift in Sources */,
				57B8E7AA29E14D60003EF137 /* Recipe.swift in Sources */,
				578E8A7929E1CC0900D32E59 /* RecipeAddViewController.swift in Sources */,
				57B8E7A829E14AD9003EF137 /* RecipeDetailsViewController.swift in Sources */,
				578E477229E465F7008573F1 /* SettingsViewController.swift in Sources */,
				578E8A7C29E1DC8B00D32E59 /* MADD_Assesment_01.xcdatamodeld in Sources */,
				57D98E5F29E1245E002281EB /* SceneDelegate.swift in Sources */,
			);
			runOnlyForDeploymentPostprocessing = 0;
		};
/* End PBXSourcesBuildPhase section */

/* Begin PBXVariantGroup section */
		57D98E6229E1245E002281EB /* Main.storyboard */ = {
			isa = PBXVariantGroup;
			children = (
				57D98E6329E1245E002281EB /* Base */,
			);
			name = Main.storyboard;
			sourceTree = "<group>";
		};
		57D98E6729E1245F002281EB /* LaunchScreen.storyboard */ = {
			isa = PBXVariantGroup;
			children = (
				57D98E6829E1245F002281EB /* Base */,
			);
			name = LaunchScreen.storyboard;
			sourceTree = "<group>";
		};
/* End PBXVariantGroup section */

/* Begin XCBuildConfiguration section */
		57D98E6B29E1245F002281EB /* Debug */ = {
			isa = XCBuildConfiguration;
			buildSettings = {
				ALWAYS_SEARCH_USER_PATHS = NO;
				CLANG_ANALYZER_NONNULL = YES;
				CLANG_ANALYZER_NUMBER_OBJECT_CONVERSION = YES_AGGRESSIVE;
				CLANG_CXX_LANGUAGE_STANDARD = "gnu++20";
				CLANG_ENABLE_MODULES = YES;
				CLANG_ENABLE_OBJC_ARC = YES;
				CLANG_ENABLE_OBJC_WEAK = YES;
				CLANG_WARN_BLOCK_CAPTURE_AUTORELEASING = YES;
				CLANG_WARN_BOOL_CONVERSION = YES;
				CLANG_WARN_COMMA = YES;
				CLANG_WARN_CONSTANT_CONVERSION = YES;
				CLANG_WARN_DEPRECATED_OBJC_IMPLEMENTATIONS = YES;
				CLANG_WARN_DIRECT_OBJC_ISA_USAGE = YES_ERROR;
				CLANG_WARN_DOCUMENTATION_COMMENTS = YES;
				CLANG_WARN_EMPTY_BODY = YES;
				CLANG_WARN_ENUM_CONVERSION = YES;
				CLANG_WARN_INFINITE_RECURSION = YES;
				CLANG_WARN_INT_CONVERSION = YES;
				CLANG_WARN_NON_LITERAL_NULL_CONVERSION = YES;
				CLANG_WARN_OBJC_IMPLICIT_RETAIN_SELF = YES;
				CLANG_WARN_OBJC_LITERAL_CONVERSION = YES;
				CLANG_WARN_OBJC_ROOT_CLASS = YES_ERROR;
				CLANG_WARN_QUOTED_INCLUDE_IN_FRAMEWORK_HEADER = YES;
				CLANG_WARN_RANGE_LOOP_ANALYSIS = YES;
				CLANG_WARN_STRICT_PROTOTYPES = YES;
				CLANG_WARN_SUSPICIOUS_MOVE = YES;
				CLANG_WARN_UNGUARDED_AVAILABILITY = YES_AGGRESSIVE;
				CLANG_WARN_UNREACHABLE_CODE = YES;
				CLANG_WARN__DUPLICATE_METHOD_MATCH = YES;
				COPY_PHASE_STRIP = NO;
				DEBUG_INFORMATION_FORMAT = dwarf;
				ENABLE_STRICT_OBJC_MSGSEND = YES;
				ENABLE_TESTABILITY = YES;
				GCC_C_LANGUAGE_STANDARD = gnu11;
				GCC_DYNAMIC_NO_PIC = NO;
				GCC_NO_COMMON_BLOCKS = YES;
				GCC_OPTIMIZATION_LEVEL = 0;
				GCC_PREPROCESSOR_DEFINITIONS = (
					"DEBUG=1",
					"$(inherited)",
				);
				GCC_WARN_64_TO_32_BIT_CONVERSION = YES;
				GCC_WARN_ABOUT_RETURN_TYPE = YES_ERROR;
				GCC_WARN_UNDECLARED_SELECTOR = YES;
				GCC_WARN_UNINITIALIZED_AUTOS = YES_AGGRESSIVE;
				GCC_WARN_UNUSED_FUNCTION = YES;
				GCC_WARN_UNUSED_VARIABLE = YES;
				IPHONEOS_DEPLOYMENT_TARGET = 16.1;
				MTL_ENABLE_DEBUG_INFO = INCLUDE_SOURCE;
				MTL_FAST_MATH = YES;
				ONLY_ACTIVE_ARCH = YES;
				SDKROOT = iphoneos;
				SWIFT_ACTIVE_COMPILATION_CONDITIONS = DEBUG;
				SWIFT_OPTIMIZATION_LEVEL = "-Onone";
			};
			name = Debug;
		};
		57D98E6C29E1245F002281EB /* Release */ = {
			isa = XCBuildConfiguration;
			buildSettings = {
				ALWAYS_SEARCH_USER_PATHS = NO;
				CLANG_ANALYZER_NONNULL = YES;
				CLANG_ANALYZER_NUMBER_OBJECT_CONVERSION = YES_AGGRESSIVE;
				CLANG_CXX_LANGUAGE_STANDARD = "gnu++20";
				CLANG_ENABLE_MODULES = YES;
				CLANG_ENABLE_OBJC_ARC = YES;
				CLANG_ENABLE_OBJC_WEAK = YES;
				CLANG_WARN_BLOCK_CAPTURE_AUTORELEASING = YES;
				CLANG_WARN_BOOL_CONVERSION = YES;
				CLANG_WARN_COMMA = YES;
				CLANG_WARN_CONSTANT_CONVERSION = YES;
				CLANG_WARN_DEPRECATED_OBJC_IMPLEMENTATIONS = YES;
				CLANG_WARN_DIRECT_OBJC_ISA_USAGE = YES_ERROR;
				CLANG_WARN_DOCUMENTATION_COMMENTS = YES;
				CLANG_WARN_EMPTY_BODY = YES;
				CLANG_WARN_ENUM_CONVERSION = YES;
				CLANG_WARN_INFINITE_RECURSION = YES;
				CLANG_WARN_INT_CONVERSION = YES;
				CLANG_WARN_NON_LITERAL_NULL_CONVERSION = YES;
				CLANG_WARN_OBJC_IMPLICIT_RETAIN_SELF = YES;
				CLANG_WARN_OBJC_LITERAL_CONVERSION = YES;
				CLANG_WARN_OBJC_ROOT_CLASS = YES_ERROR;
				CLANG_WARN_QUOTED_INCLUDE_IN_FRAMEWORK_HEADER = YES;
				CLANG_WARN_RANGE_LOOP_ANALYSIS = YES;
				CLANG_WARN_STRICT_PROTOTYPES = YES;
				CLANG_WARN_SUSPICIOUS_MOVE = YES;
				CLANG_WARN_UNGUARDED_AVAILABILITY = YES_AGGRESSIVE;
				CLANG_WARN_UNREACHABLE_CODE = YES;
				CLANG_WARN__DUPLICATE_METHOD_MATCH = YES;
				COPY_PHASE_STRIP = NO;
				DEBUG_INFORMATION_FORMAT = "dwarf-with-dsym";
				ENABLE_NS_ASSERTIONS = NO;
				ENABLE_STRICT_OBJC_MSGSEND = YES;
				GCC_C_LANGUAGE_STANDARD = gnu11;
				GCC_NO_COMMON_BLOCKS = YES;
				GCC_WARN_64_TO_32_BIT_CONVERSION = YES;
				GCC_WARN_ABOUT_RETURN_TYPE = YES_ERROR;
				GCC_WARN_UNDECLARED_SELECTOR = YES;
				GCC_WARN_UNINITIALIZED_AUTOS = YES_AGGRESSIVE;
				GCC_WARN_UNUSED_FUNCTION = YES;
				GCC_WARN_UNUSED_VARIABLE = YES;
				IPHONEOS_DEPLOYMENT_TARGET = 16.1;
				MTL_ENABLE_DEBUG_INFO = NO;
				MTL_FAST_MATH = YES;
				SDKROOT = iphoneos;
				SWIFT_COMPILATION_MODE = wholemodule;
				SWIFT_OPTIMIZATION_LEVEL = "-O";
				VALIDATE_PRODUCT = YES;
			};
			name = Release;
		};
		57D98E6E29E1245F002281EB /* Debug */ = {
			isa = XCBuildConfiguration;
			buildSettings = {
				ASSETCATALOG_COMPILER_APPICON_NAME = AppIcon;
				ASSETCATALOG_COMPILER_GLOBAL_ACCENT_COLOR_NAME = AccentColor;
				CODE_SIGN_STYLE = Automatic;
				CURRENT_PROJECT_VERSION = 1;
				GENERATE_INFOPLIST_FILE = YES;
				INFOPLIST_FILE = MADD_Assesment_01/Info.plist;
				INFOPLIST_KEY_UIApplicationSupportsIndirectInputEvents = YES;
				INFOPLIST_KEY_UILaunchStoryboardName = LaunchScreen;
				INFOPLIST_KEY_UIMainStoryboardFile = Main;
				INFOPLIST_KEY_UISupportedInterfaceOrientations_iPad = "UIInterfaceOrientationPortrait UIInterfaceOrientationPortraitUpsideDown UIInterfaceOrientationLandscapeLeft UIInterfaceOrientationLandscapeRight";
				INFOPLIST_KEY_UISupportedInterfaceOrientations_iPhone = "UIInterfaceOrientationPortrait UIInterfaceOrientationLandscapeLeft UIInterfaceOrientationLandscapeRight";
				LD_RUNPATH_SEARCH_PATHS = (
					"$(inherited)",
					"@executable_path/Frameworks",
				);
				MARKETING_VERSION = 1.0;
				PRODUCT_BUNDLE_IDENTIFIER = "sliit.MADD-Assesment-01";
				PRODUCT_NAME = "$(TARGET_NAME)";
				SWIFT_EMIT_LOC_STRINGS = YES;
				SWIFT_VERSION = 5.0;
				TARGETED_DEVICE_FAMILY = "1,2";
			};
			name = Debug;
		};
		57D98E6F29E1245F002281EB /* Release */ = {
			isa = XCBuildConfiguration;
			buildSettings = {
				ASSETCATALOG_COMPILER_APPICON_NAME = AppIcon;
				ASSETCATALOG_COMPILER_GLOBAL_ACCENT_COLOR_NAME = AccentColor;
				CODE_SIGN_STYLE = Automatic;
				CURRENT_PROJECT_VERSION = 1;
				GENERATE_INFOPLIST_FILE = YES;
				INFOPLIST_FILE = MADD_Assesment_01/Info.plist;
				INFOPLIST_KEY_UIApplicationSupportsIndirectInputEvents = YES;
				INFOPLIST_KEY_UILaunchStoryboardName = LaunchScreen;
				INFOPLIST_KEY_UIMainStoryboardFile = Main;
				INFOPLIST_KEY_UISupportedInterfaceOrientations_iPad = "UIInterfaceOrientationPortrait UIInterfaceOrientationPortraitUpsideDown UIInterfaceOrientationLandscapeLeft UIInterfaceOrientationLandscapeRight";
				INFOPLIST_KEY_UISupportedInterfaceOrientations_iPhone = "UIInterfaceOrientationPortrait UIInterfaceOrientationLandscapeLeft UIInterfaceOrientationLandscapeRight";
				LD_RUNPATH_SEARCH_PATHS = (
					"$(inherited)",
					"@executable_path/Frameworks",
				);
				MARKETING_VERSION = 1.0;
				PRODUCT_BUNDLE_IDENTIFIER = "sliit.MADD-Assesment-01";
				PRODUCT_NAME = "$(TARGET_NAME)";
				SWIFT_EMIT_LOC_STRINGS = YES;
				SWIFT_VERSION = 5.0;
				TARGETED_DEVICE_FAMILY = "1,2";
			};
			name = Release;
		};
/* End XCBuildConfiguration section */

/* Begin XCConfigurationList section */
		57D98E5429E1245E002281EB /* Build configuration list for PBXProject "MADD_Assesment_01" */ = {
			isa = XCConfigurationList;
			buildConfigurations = (
				57D98E6B29E1245F002281EB /* Debug */,
				57D98E6C29E1245F002281EB /* Release */,
			);
			defaultConfigurationIsVisible = 0;
			defaultConfigurationName = Release;
		};
		57D98E6D29E1245F002281EB /* Build configuration list for PBXNativeTarget "MADD_Assesment_01" */ = {
			isa = XCConfigurationList;
			buildConfigurations = (
				57D98E6E29E1245F002281EB /* Debug */,
				57D98E6F29E1245F002281EB /* Release */,
			);
			defaultConfigurationIsVisible = 0;
			defaultConfigurationName = Release;
		};
/* End XCConfigurationList section */

/* Begin XCVersionGroup section */
		578E8A7A29E1DC8B00D32E59 /* MADD_Assesment_01.xcdatamodeld */ = {
			isa = XCVersionGroup;
			children = (
				578E8A7B29E1DC8B00D32E59 /* MADD_Assesment_01.xcdatamodel */,
			);
			currentVersion = 578E8A7B29E1DC8B00D32E59 /* MADD_Assesment_01.xcdatamodel */;
			path = MADD_Assesment_01.xcdatamodeld;
			sourceTree = "<group>";
			versionGroupType = wrapper.xcdatamodel;
		};
/* End XCVersionGroup section */
	};
	rootObject = 57D98E5129E1245E002281EB /* Project object */;
}
